// !$*UTF8*$!
{
	archiveVersion = 1;
	classes = {
	};
	objectVersion = 77;
	objects = {

/* Begin PBXContainerItemProxy section */
		EA575F1E2EFECD110084CB45 /* PBXContainerItemProxy */ = {
			isa = PBXContainerItemProxy;
			containerPortal = EA575F082EFECD100084CB45 /* Project object */;
			proxyType = 1;
			remoteGlobalIDString = EA575F0F2EFECD100084CB45;
			remoteInfo = WindowlessScreenShotApp;
		};
		EA575F282EFECD110084CB45 /* PBXContainerItemProxy */ = {
			isa = PBXContainerItemProxy;
			containerPortal = EA575F082EFECD100084CB45 /* Project object */;
			proxyType = 1;
			remoteGlobalIDString = EA575F0F2EFECD100084CB45;
			remoteInfo = WindowlessScreenShotApp;
		};
/* End PBXContainerItemProxy section */

/* Begin PBXFileReference section */
		EA575F102EFECD100084CB45 /* WindowlessScreenShotApp.app */ = {isa = PBXFileReference; explicitFileType = wrapper.application; includeInIndex = 0; path = WindowlessScreenShotApp.app; sourceTree = BUILT_PRODUCTS_DIR; };
		EA575F1D2EFECD100084CB45 /* WindowlessScreenShotAppTests.xctest */ = {isa = PBXFileReference; explicitFileType = wrapper.cfbundle; includeInIndex = 0; path = WindowlessScreenShotAppTests.xctest; sourceTree = BUILT_PRODUCTS_DIR; };
		EA575F272EFECD110084CB45 /* WindowlessScreenShotAppUITests.xctest */ = {isa = PBXFileReference; explicitFileType = wrapper.cfbundle; includeInIndex = 0; path = WindowlessScreenShotAppUITests.xctest; sourceTree = BUILT_PRODUCTS_DIR; };
/* End PBXFileReference section */

/* Begin PBXFileSystemSynchronizedRootGroup section */
		EA575F122EFECD100084CB45 /* WindowlessScreenShotApp */ = {
			isa = PBXFileSystemSynchronizedRootGroup;
			path = WindowlessScreenShotApp;
			sourceTree = "<group>";
		};
		EA575F202EFECD110084CB45 /* WindowlessScreenShotAppTests */ = {
			isa = PBXFileSystemSynchronizedRootGroup;
			path = WindowlessScreenShotAppTests;
			sourceTree = "<group>";
		};
		EA575F2A2EFECD110084CB45 /* WindowlessScreenShotAppUITests */ = {
			isa = PBXFileSystemSynchronizedRootGroup;
			path = WindowlessScreenShotAppUITests;
			sourceTree = "<group>";
		};
/* End PBXFileSystemSynchronizedRootGroup section */

/* Begin PBXFrameworksBuildPhase section */
		EA575F0D2EFECD100084CB45 /* Frameworks */ = {
			isa = PBXFrameworksBuildPhase;
			buildActionMask = 2147483647;
			files = (
			);
			runOnlyForDeploymentPostprocessing = 0;
		};
		EA575F1A2EFECD100084CB45 /* Frameworks */ = {
			isa = PBXFrameworksBuildPhase;
			buildActionMask = 2147483647;
			files = (
			);
			runOnlyForDeploymentPostprocessing = 0;
		};
		EA575F242EFECD110084CB45 /* Frameworks */ = {
			isa = PBXFrameworksBuildPhase;
			buildActionMask = 2147483647;
			files = (
			);
			runOnlyForDeploymentPostprocessing = 0;
		};
/* End PBXFrameworksBuildPhase section */

/* Begin PBXGroup section */
		EA575F072EFECD100084CB45 = {
			isa = PBXGroup;
			children = (
				EA575F122EFECD100084CB45 /* WindowlessScreenShotApp */,
				EA575F202EFECD110084CB45 /* WindowlessScreenShotAppTests */,
				EA575F2A2EFECD110084CB45 /* WindowlessScreenShotAppUITests */,
				EA575F112EFECD100084CB45 /* Products */,
			);
			sourceTree = "<group>";
		};
		EA575F112EFECD100084CB45 /* Products */ = {
			isa = PBXGroup;
			children = (
				EA575F102EFECD100084CB45 /* WindowlessScreenShotApp.app */,
				EA575F1D2EFECD100084CB45 /* WindowlessScreenShotAppTests.xctest */,
				EA575F272EFECD110084CB45 /* WindowlessScreenShotAppUITests.xctest */,
			);
			name = Products;
			sourceTree = "<group>";
		};
/* End PBXGroup section */

/* Begin PBXNativeTarget section */
		EA575F0F2EFECD100084CB45 /* WindowlessScreenShotApp */ = {
			isa = PBXNativeTarget;
			buildConfigurationList = EA575F312EFECD110084CB45 /* Build configuration list for PBXNativeTarget "WindowlessScreenShotApp" */;
			buildPhases = (
				EA575F0C2EFECD100084CB45 /* Sources */,
				EA575F0D2EFECD100084CB45 /* Frameworks */,
				EA575F0E2EFECD100084CB45 /* Resources */,
			);
			buildRules = (
			);
			dependencies = (
			);
			fileSystemSynchronizedGroups = (
				EA575F122EFECD100084CB45 /* WindowlessScreenShotApp */,
			);
			name = WindowlessScreenShotApp;
			packageProductDependencies = (
			);
			productName = WindowlessScreenShotApp;
			productReference = EA575F102EFECD100084CB45 /* WindowlessScreenShotApp.app */;
			productType = "com.apple.product-type.application";
		};
		EA575F1C2EFECD100084CB45 /* WindowlessScreenShotAppTests */ = {
			isa = PBXNativeTarget;
			buildConfigurationList = EA575F342EFECD110084CB45 /* Build configuration list for PBXNativeTarget "WindowlessScreenShotAppTests" */;
			buildPhases = (
				EA575F192EFECD100084CB45 /* Sources */,
				EA575F1A2EFECD100084CB45 /* Frameworks */,
				EA575F1B2EFECD100084CB45 /* Resources */,
			);
			buildRules = (
			);
			dependencies = (
				EA575F1F2EFECD110084CB45 /* PBXTargetDependency */,
			);
			fileSystemSynchronizedGroups = (
				EA575F202EFECD110084CB45 /* WindowlessScreenShotAppTests */,
			);
			name = WindowlessScreenShotAppTests;
			packageProductDependencies = (
			);
			productName = WindowlessScreenShotAppTests;
			productReference = EA575F1D2EFECD100084CB45 /* WindowlessScreenShotAppTests.xctest */;
			productType = "com.apple.product-type.bundle.unit-test";
		};
		EA575F262EFECD110084CB45 /* WindowlessScreenShotAppUITests */ = {
			isa = PBXNativeTarget;
			buildConfigurationList = EA575F372EFECD110084CB45 /* Build configuration list for PBXNativeTarget "WindowlessScreenShotAppUITests" */;
			buildPhases = (
				EA575F232EFECD110084CB45 /* Sources */,
				EA575F242EFECD110084CB45 /* Frameworks */,
				EA575F252EFECD110084CB45 /* Resources */,
			);
			buildRules = (
			);
			dependencies = (
				EA575F292EFECD110084CB45 /* PBXTargetDependency */,
			);
			fileSystemSynchronizedGroups = (
				EA575F2A2EFECD110084CB45 /* WindowlessScreenShotAppUITests */,
			);
			name = WindowlessScreenShotAppUITests;
			packageProductDependencies = (
			);
			productName = WindowlessScreenShotAppUITests;
			productReference = EA575F272EFECD110084CB45 /* WindowlessScreenShotAppUITests.xctest */;
			productType = "com.apple.product-type.bundle.ui-testing";
		};
/* End PBXNativeTarget section */

/* Begin PBXProject section */
		EA575F082EFECD100084CB45 /* Project object */ = {
			isa = PBXProject;
			attributes = {
				BuildIndependentTargetsInParallel = 1;
				LastSwiftUpdateCheck = 2600;
				LastUpgradeCheck = 2600;
				TargetAttributes = {
					EA575F0F2EFECD100084CB45 = {
						CreatedOnToolsVersion = 26.0.1;
					};
					EA575F1C2EFECD100084CB45 = {
						CreatedOnToolsVersion = 26.0.1;
						TestTargetID = EA575F0F2EFECD100084CB45;
					};
					EA575F262EFECD110084CB45 = {
						CreatedOnToolsVersion = 26.0.1;
						TestTargetID = EA575F0F2EFECD100084CB45;
					};
				};
			};
			buildConfigurationList = EA575F0B2EFECD100084CB45 /* Build configuration list for PBXProject "WindowlessScreenShotApp" */;
			developmentRegion = en;
			hasScannedForEncodings = 0;
			knownRegions = (
				en,
				Base,
			);
			mainGroup = EA575F072EFECD100084CB45;
			minimizedProjectReferenceProxies = 1;
			preferredProjectObjectVersion = 77;
			productRefGroup = EA575F112EFECD100084CB45 /* Products */;
			projectDirPath = "";
			projectRoot = "";
			targets = (
				EA575F0F2EFECD100084CB45 /* WindowlessScreenShotApp */,
				EA575F1C2EFECD100084CB45 /* WindowlessScreenShotAppTests */,
				EA575F262EFECD110084CB45 /* WindowlessScreenShotAppUITests */,
			);
		};
/* End PBXProject section */

/* Begin PBXResourcesBuildPhase section */
		EA575F0E2EFECD100084CB45 /* Resources */ = {
			isa = PBXResourcesBuildPhase;
			buildActionMask = 2147483647;
			files = (
			);
			runOnlyForDeploymentPostprocessing = 0;
		};
		EA575F1B2EFECD100084CB45 /* Resources */ = {
			isa = PBXResourcesBuildPhase;
			buildActionMask = 2147483647;
			files = (
			);
			runOnlyForDeploymentPostprocessing = 0;
		};
		EA575F252EFECD110084CB45 /* Resources */ = {
			isa = PBXResourcesBuildPhase;
			buildActionMask = 2147483647;
			files = (
			);
			runOnlyForDeploymentPostprocessing = 0;
		};
/* End PBXResourcesBuildPhase section */

/* Begin PBXSourcesBuildPhase section */
		EA575F0C2EFECD100084CB45 /* Sources */ = {
			isa = PBXSourcesBuildPhase;
			buildActionMask = 2147483647;
			files = (
			);
			runOnlyForDeploymentPostprocessing = 0;
		};
		EA575F192EFECD100084CB45 /* Sources */ = {
			isa = PBXSourcesBuildPhase;
			buildActionMask = 2147483647;
			files = (
			);
			runOnlyForDeploymentPostprocessing = 0;
		};
		EA575F232EFECD110084CB45 /* Sources */ = {
			isa = PBXSourcesBuildPhase;
			buildActionMask = 2147483647;
			files = (
			);
			runOnlyForDeploymentPostprocessing = 0;
		};
/* End PBXSourcesBuildPhase section */

/* Begin PBXTargetDependency section */
		EA575F1F2EFECD110084CB45 /* PBXTargetDependency */ = {
			isa = PBXTargetDependency;
			target = EA575F0F2EFECD100084CB45 /* WindowlessScreenShotApp */;
			targetProxy = EA575F1E2EFECD110084CB45 /* PBXContainerItemProxy */;
		};
		EA575F292EFECD110084CB45 /* PBXTargetDependency */ = {
			isa = PBXTargetDependency;
			target = EA575F0F2EFECD100084CB45 /* WindowlessScreenShotApp */;
			targetProxy = EA575F282EFECD110084CB45 /* PBXContainerItemProxy */;
		};
/* End PBXTargetDependency section */

/* Begin XCBuildConfiguration section */
		EA575F2F2EFECD110084CB45 /* Debug */ = {
			isa = XCBuildConfiguration;
			buildSettings = {
				ALWAYS_SEARCH_USER_PATHS = NO;
				ASSETCATALOG_COMPILER_GENERATE_SWIFT_ASSET_SYMBOL_EXTENSIONS = YES;
				CLANG_ANALYZER_NONNULL = YES;
				CLANG_ANALYZER_NUMBER_OBJECT_CONVERSION = YES_AGGRESSIVE;
				CLANG_CXX_LANGUAGE_STANDARD = "gnu++20";
				CLANG_ENABLE_MODULES = YES;
				CLANG_ENABLE_OBJC_ARC = YES;
				CLANG_ENABLE_OBJC_WEAK = YES;
				CLANG_WARN_BLOCK_CAPTURE_AUTORELEASING = YES;
				CLANG_WARN_BOOL_CONVERSION = YES;
				CLANG_WARN_COMMA = YES;
				CLANG_WARN_CONSTANT_CONVERSION = YES;
				CLANG_WARN_DEPRECATED_OBJC_IMPLEMENTATIONS = YES;
				CLANG_WARN_DIRECT_OBJC_ISA_USAGE = YES_ERROR;
				CLANG_WARN_DOCUMENTATION_COMMENTS = YES;
				CLANG_WARN_EMPTY_BODY = YES;
				CLANG_WARN_ENUM_CONVERSION = YES;
				CLANG_WARN_INFINITE_RECURSION = YES;
				CLANG_WARN_INT_CONVERSION = YES;
				CLANG_WARN_NON_LITERAL_NULL_CONVERSION = YES;
				CLANG_WARN_OBJC_IMPLICIT_RETAIN_SELF = YES;
				CLANG_WARN_OBJC_LITERAL_CONVERSION = YES;
				CLANG_WARN_OBJC_ROOT_CLASS = YES_ERROR;
				CLANG_WARN_QUOTED_INCLUDE_IN_FRAMEWORK_HEADER = YES;
				CLANG_WARN_RANGE_LOOP_ANALYSIS = YES;
				CLANG_WARN_STRICT_PROTOTYPES = YES;
				CLANG_WARN_SUSPICIOUS_MOVE = YES;
				CLANG_WARN_UNGUARDED_AVAILABILITY = YES_AGGRESSIVE;
				CLANG_WARN_UNREACHABLE_CODE = YES;
				CLANG_WARN__DUPLICATE_METHOD_MATCH = YES;
				COPY_PHASE_STRIP = NO;
				DEBUG_INFORMATION_FORMAT = dwarf;
				DEVELOPMENT_TEAM = 5C2RRQX4HS;
				ENABLE_STRICT_OBJC_MSGSEND = YES;
				ENABLE_TESTABILITY = YES;
				ENABLE_USER_SCRIPT_SANDBOXING = YES;
				GCC_C_LANGUAGE_STANDARD = gnu17;
				GCC_DYNAMIC_NO_PIC = NO;
				GCC_NO_COMMON_BLOCKS = YES;
				GCC_OPTIMIZATION_LEVEL = 0;
				GCC_PREPROCESSOR_DEFINITIONS = (
					"DEBUG=1",
					"$(inherited)",
				);
				GCC_WARN_64_TO_32_BIT_CONVERSION = YES;
				GCC_WARN_ABOUT_RETURN_TYPE = YES_ERROR;
				GCC_WARN_UNDECLARED_SELECTOR = YES;
				GCC_WARN_UNINITIALIZED_AUTOS = YES_AGGRESSIVE;
				GCC_WARN_UNUSED_FUNCTION = YES;
				GCC_WARN_UNUSED_VARIABLE = YES;
				LOCALIZATION_PREFERS_STRING_CATALOGS = YES;
				MACOSX_DEPLOYMENT_TARGET = 15.6;
				MTL_ENABLE_DEBUG_INFO = INCLUDE_SOURCE;
				MTL_FAST_MATH = YES;
				ONLY_ACTIVE_ARCH = YES;
				SDKROOT = macosx;
				SWIFT_ACTIVE_COMPILATION_CONDITIONS = "DEBUG $(inherited)";
				SWIFT_OPTIMIZATION_LEVEL = "-Onone";
			};
			name = Debug;
		};
		EA575F302EFECD110084CB45 /* Release */ = {
			isa = XCBuildConfiguration;
			buildSettings = {
				ALWAYS_SEARCH_USER_PATHS = NO;
				ASSETCATALOG_COMPILER_GENERATE_SWIFT_ASSET_SYMBOL_EXTENSIONS = YES;
				CLANG_ANALYZER_NONNULL = YES;
				CLANG_ANALYZER_NUMBER_OBJECT_CONVERSION = YES_AGGRESSIVE;
				CLANG_CXX_LANGUAGE_STANDARD = "gnu++20";
				CLANG_ENABLE_MODULES = YES;
				CLANG_ENABLE_OBJC_ARC = YES;
				CLANG_ENABLE_OBJC_WEAK = YES;
				CLANG_WARN_BLOCK_CAPTURE_AUTORELEASING = YES;
				CLANG_WARN_BOOL_CONVERSION = YES;
				CLANG_WARN_COMMA = YES;
				CLANG_WARN_CONSTANT_CONVERSION = YES;
				CLANG_WARN_DEPRECATED_OBJC_IMPLEMENTATIONS = YES;
				CLANG_WARN_DIRECT_OBJC_ISA_USAGE = YES_ERROR;
				CLANG_WARN_DOCUMENTATION_COMMENTS = YES;
				CLANG_WARN_EMPTY_BODY = YES;
				CLANG_WARN_ENUM_CONVERSION = YES;
				CLANG_WARN_INFINITE_RECURSION = YES;
				CLANG_WARN_INT_CONVERSION = YES;
				CLANG_WARN_NON_LITERAL_NULL_CONVERSION = YES;
				CLANG_WARN_OBJC_IMPLICIT_RETAIN_SELF = YES;
				CLANG_WARN_OBJC_LITERAL_CONVERSION = YES;
				CLANG_WARN_OBJC_ROOT_CLASS = YES_ERROR;
				CLANG_WARN_QUOTED_INCLUDE_IN_FRAMEWORK_HEADER = YES;
				CLANG_WARN_RANGE_LOOP_ANALYSIS = YES;
				CLANG_WARN_STRICT_PROTOTYPES = YES;
				CLANG_WARN_SUSPICIOUS_MOVE = YES;
				CLANG_WARN_UNGUARDED_AVAILABILITY = YES_AGGRESSIVE;
				CLANG_WARN_UNREACHABLE_CODE = YES;
				CLANG_WARN__DUPLICATE_METHOD_MATCH = YES;
				COPY_PHASE_STRIP = NO;
				DEBUG_INFORMATION_FORMAT = "dwarf-with-dsym";
				DEVELOPMENT_TEAM = 5C2RRQX4HS;
				ENABLE_NS_ASSERTIONS = NO;
				ENABLE_STRICT_OBJC_MSGSEND = YES;
				ENABLE_USER_SCRIPT_SANDBOXING = YES;
				GCC_C_LANGUAGE_STANDARD = gnu17;
				GCC_NO_COMMON_BLOCKS = YES;
				GCC_WARN_64_TO_32_BIT_CONVERSION = YES;
				GCC_WARN_ABOUT_RETURN_TYPE = YES_ERROR;
				GCC_WARN_UNDECLARED_SELECTOR = YES;
				GCC_WARN_UNINITIALIZED_AUTOS = YES_AGGRESSIVE;
				GCC_WARN_UNUSED_FUNCTION = YES;
				GCC_WARN_UNUSED_VARIABLE = YES;
				LOCALIZATION_PREFERS_STRING_CATALOGS = YES;
				MACOSX_DEPLOYMENT_TARGET = 15.6;
				MTL_ENABLE_DEBUG_INFO = NO;
				MTL_FAST_MATH = YES;
				SDKROOT = macosx;
				SWIFT_COMPILATION_MODE = wholemodule;
			};
			name = Release;
		};
		EA575F322EFECD110084CB45 /* Debug */ = {
			isa = XCBuildConfiguration;
			buildSettings = {
				ASSETCATALOG_COMPILER_APPICON_NAME = AppIcon;
				ASSETCATALOG_COMPILER_GLOBAL_ACCENT_COLOR_NAME = AccentColor;
				CODE_SIGN_STYLE = Automatic;
				COMBINE_HIDPI_IMAGES = YES;
				CURRENT_PROJECT_VERSION = 1;
				DEVELOPMENT_TEAM = 5C2RRQX4HS;
				ENABLE_APP_SANDBOX = YES;
				ENABLE_HARDENED_RUNTIME = YES;
				ENABLE_PREVIEWS = YES;
				ENABLE_USER_SELECTED_FILES = readonly;
				GENERATE_INFOPLIST_FILE = YES;
				INFOPLIST_KEY_NSHumanReadableCopyright = "";
				LD_RUNPATH_SEARCH_PATHS = (
					"$(inherited)",
					"@executable_path/../Frameworks",
				);
				MARKETING_VERSION = 1.0;
				PRODUCT_BUNDLE_IDENTIFIER = com.ofer987.WindowlessScreenShotApp;
				PRODUCT_NAME = "$(TARGET_NAME)";
				REGISTER_APP_GROUPS = YES;
				STRING_CATALOG_GENERATE_SYMBOLS = YES;
				SWIFT_APPROACHABLE_CONCURRENCY = YES;
				SWIFT_DEFAULT_ACTOR_ISOLATION = MainActor;
				SWIFT_EMIT_LOC_STRINGS = YES;
				SWIFT_UPCOMING_FEATURE_MEMBER_IMPORT_VISIBILITY = YES;
				SWIFT_VERSION = 5.0;
			};
			name = Debug;
		};
		EA575F332EFECD110084CB45 /* Release */ = {
			isa = XCBuildConfiguration;
			buildSettings = {
				ASSETCATALOG_COMPILER_APPICON_NAME = AppIcon;
				ASSETCATALOG_COMPILER_GLOBAL_ACCENT_COLOR_NAME = AccentColor;
				CODE_SIGN_STYLE = Automatic;
				COMBINE_HIDPI_IMAGES = YES;
				CURRENT_PROJECT_VERSION = 1;
				DEVELOPMENT_TEAM = 5C2RRQX4HS;
				ENABLE_APP_SANDBOX = YES;
				ENABLE_HARDENED_RUNTIME = YES;
				ENABLE_PREVIEWS = YES;
				ENABLE_USER_SELECTED_FILES = readonly;
				GENERATE_INFOPLIST_FILE = YES;
				INFOPLIST_KEY_NSHumanReadableCopyright = "";
				LD_RUNPATH_SEARCH_PATHS = (
					"$(inherited)",
					"@executable_path/../Frameworks",
				);
				MARKETING_VERSION = 1.0;
				PRODUCT_BUNDLE_IDENTIFIER = com.ofer987.WindowlessScreenShotApp;
				PRODUCT_NAME = "$(TARGET_NAME)";
				REGISTER_APP_GROUPS = YES;
				STRING_CATALOG_GENERATE_SYMBOLS = YES;
				SWIFT_APPROACHABLE_CONCURRENCY = YES;
				SWIFT_DEFAULT_ACTOR_ISOLATION = MainActor;
				SWIFT_EMIT_LOC_STRINGS = YES;
				SWIFT_UPCOMING_FEATURE_MEMBER_IMPORT_VISIBILITY = YES;
				SWIFT_VERSION = 5.0;
			};
			name = Release;
		};
		EA575F352EFECD110084CB45 /* Debug */ = {
			isa = XCBuildConfiguration;
			buildSettings = {
				BUNDLE_LOADER = "$(TEST_HOST)";
				CODE_SIGN_STYLE = Automatic;
				CURRENT_PROJECT_VERSION = 1;
				DEVELOPMENT_TEAM = 5C2RRQX4HS;
				GENERATE_INFOPLIST_FILE = YES;
				MACOSX_DEPLOYMENT_TARGET = 15.6;
				MARKETING_VERSION = 1.0;
				PRODUCT_BUNDLE_IDENTIFIER = com.ofer987.WindowlessScreenShotAppTests;
				PRODUCT_NAME = "$(TARGET_NAME)";
				STRING_CATALOG_GENERATE_SYMBOLS = NO;
				SWIFT_APPROACHABLE_CONCURRENCY = YES;
				SWIFT_EMIT_LOC_STRINGS = NO;
				SWIFT_UPCOMING_FEATURE_MEMBER_IMPORT_VISIBILITY = YES;
				SWIFT_VERSION = 5.0;
				TEST_HOST = "$(BUILT_PRODUCTS_DIR)/WindowlessScreenShotApp.app/$(BUNDLE_EXECUTABLE_FOLDER_PATH)/WindowlessScreenShotApp";
			};
			name = Debug;
		};
		EA575F362EFECD110084CB45 /* Release */ = {
			isa = XCBuildConfiguration;
			buildSettings = {
				BUNDLE_LOADER = "$(TEST_HOST)";
				CODE_SIGN_STYLE = Automatic;
				CURRENT_PROJECT_VERSION = 1;
				DEVELOPMENT_TEAM = 5C2RRQX4HS;
				GENERATE_INFOPLIST_FILE = YES;
				MACOSX_DEPLOYMENT_TARGET = 15.6;
				MARKETING_VERSION = 1.0;
				PRODUCT_BUNDLE_IDENTIFIER = com.ofer987.WindowlessScreenShotAppTests;
				PRODUCT_NAME = "$(TARGET_NAME)";
				STRING_CATALOG_GENERATE_SYMBOLS = NO;
				SWIFT_APPROACHABLE_CONCURRENCY = YES;
				SWIFT_EMIT_LOC_STRINGS = NO;
				SWIFT_UPCOMING_FEATURE_MEMBER_IMPORT_VISIBILITY = YES;
				SWIFT_VERSION = 5.0;
				TEST_HOST = "$(BUILT_PRODUCTS_DIR)/WindowlessScreenShotApp.app/$(BUNDLE_EXECUTABLE_FOLDER_PATH)/WindowlessScreenShotApp";
			};
			name = Release;
		};
		EA575F382EFECD110084CB45 /* Debug */ = {
			isa = XCBuildConfiguration;
			buildSettings = {
				CODE_SIGN_STYLE = Automatic;
				CURRENT_PROJECT_VERSION = 1;
				DEVELOPMENT_TEAM = 5C2RRQX4HS;
				GENERATE_INFOPLIST_FILE = YES;
				MARKETING_VERSION = 1.0;
				PRODUCT_BUNDLE_IDENTIFIER = com.ofer987.WindowlessScreenShotAppUITests;
				PRODUCT_NAME = "$(TARGET_NAME)";
				STRING_CATALOG_GENERATE_SYMBOLS = NO;
				SWIFT_APPROACHABLE_CONCURRENCY = YES;
				SWIFT_EMIT_LOC_STRINGS = NO;
				SWIFT_UPCOMING_FEATURE_MEMBER_IMPORT_VISIBILITY = YES;
				SWIFT_VERSION = 5.0;
				TEST_TARGET_NAME = WindowlessScreenShotApp;
			};
			name = Debug;
		};
		EA575F392EFECD110084CB45 /* Release */ = {
			isa = XCBuildConfiguration;
			buildSettings = {
				CODE_SIGN_STYLE = Automatic;
				CURRENT_PROJECT_VERSION = 1;
				DEVELOPMENT_TEAM = 5C2RRQX4HS;
				GENERATE_INFOPLIST_FILE = YES;
				MARKETING_VERSION = 1.0;
				PRODUCT_BUNDLE_IDENTIFIER = com.ofer987.WindowlessScreenShotAppUITests;
				PRODUCT_NAME = "$(TARGET_NAME)";
				STRING_CATALOG_GENERATE_SYMBOLS = NO;
				SWIFT_APPROACHABLE_CONCURRENCY = YES;
				SWIFT_EMIT_LOC_STRINGS = NO;
				SWIFT_UPCOMING_FEATURE_MEMBER_IMPORT_VISIBILITY = YES;
				SWIFT_VERSION = 5.0;
				TEST_TARGET_NAME = WindowlessScreenShotApp;
			};
			name = Release;
		};
/* End XCBuildConfiguration section */

/* Begin XCConfigurationList section */
		EA575F0B2EFECD100084CB45 /* Build configuration list for PBXProject "WindowlessScreenShotApp" */ = {
			isa = XCConfigurationList;
			buildConfigurations = (
				EA575F2F2EFECD110084CB45 /* Debug */,
				EA575F302EFECD110084CB45 /* Release */,
			);
			defaultConfigurationIsVisible = 0;
			defaultConfigurationName = Release;
		};
		EA575F312EFECD110084CB45 /* Build configuration list for PBXNativeTarget "WindowlessScreenShotApp" */ = {
			isa = XCConfigurationList;
			buildConfigurations = (
				EA575F322EFECD110084CB45 /* Debug */,
				EA575F332EFECD110084CB45 /* Release */,
			);
			defaultConfigurationIsVisible = 0;
			defaultConfigurationName = Release;
		};
		EA575F342EFECD110084CB45 /* Build configuration list for PBXNativeTarget "WindowlessScreenShotAppTests" */ = {
			isa = XCConfigurationList;
			buildConfigurations = (
				EA575F352EFECD110084CB45 /* Debug */,
				EA575F362EFECD110084CB45 /* Release */,
			);
			defaultConfigurationIsVisible = 0;
			defaultConfigurationName = Release;
		};
		EA575F372EFECD110084CB45 /* Build configuration list for PBXNativeTarget "WindowlessScreenShotAppUITests" */ = {
			isa = XCConfigurationList;
			buildConfigurations = (
				EA575F382EFECD110084CB45 /* Debug */,
				EA575F392EFECD110084CB45 /* Release */,
			);
			defaultConfigurationIsVisible = 0;
			defaultConfigurationName = Release;
		};
/* End XCConfigurationList section */
	};
	rootObject = EA575F082EFECD100084CB45 /* Project object */;
}
